{
  "version": "5",
  "remote": {
    "https://deno.land/std@0.224.0/async/delay.ts": "f90dd685b97c2f142b8069082993e437b1602b8e2561134827eeb7c12b95c499",
    "https://deno.land/std@0.224.0/dotenv/load.ts": "587b342f0f6a3df071331fe6ba1c823729ab68f7d53805809475e486dd4161d7",
    "https://deno.land/std@0.224.0/dotenv/mod.ts": "0180eaeedaaf88647318811cdaa418cc64dc51fb08354f91f5f480d0a1309f7d",
    "https://deno.land/std@0.224.0/dotenv/parse.ts": "09977ff88dfd1f24f9973a338f0f91bbdb9307eb5ff6085446e7c423e4c7ba0c",
    "https://deno.land/std@0.224.0/dotenv/stringify.ts": "275da322c409170160440836342eaa7cf012a1d11a7e700d8ca4e7f2f8aa4615",
    "https://deno.land/std@0.224.0/http/server.ts": "f9313804bf6467a1704f45f76cb6cd0a3396a3b31c316035e6a4c2035d1ea514"
  },
  "workspace": {
    "packageJson": {
      "dependencies": [
        "npm:@google/genai@^1.29.1",
        "npm:@supabase/supabase-js@^2.81.1",
        "npm:@types/node@^22.14.0",
        "npm:@vitejs/plugin-react@5",
        "npm:react-dom@^19.2.0",
        "npm:react-router-dom@^6.28.0",
        "npm:react@^19.2.0",
        "npm:typescript@~5.8.2",
        "npm:vite@^6.2.0"
      ]
    }
  }
}
